// !$*UTF8*$!
{
	archiveVersion = 1;
	classes = {
	};
	objectVersion = 38;
	objects = {
		080E96D9FE201CDB7F000001 = {
			fileRef = 2A37F4B9FDCFA73011CA2CEA;
			isa = PBXBuildFile;
			settings = {
			};
		};
		080E96DAFE201CDB7F000001 = {
			fileRef = 2A37F4B6FDCFA73011CA2CEA;
			isa = PBXBuildFile;
			settings = {
			};
		};
		089C165FFE840EACC02AAC07 = {
			children = (
				089C1660FE840EACC02AAC07,
			);
			isa = PBXVariantGroup;
			name = InfoPlist.strings;
			refType = 4;
		};
		089C1660FE840EACC02AAC07 = {
			fileEncoding = 10;
			isa = PBXFileReference;
			name = English;
			path = Resources/English.lproj/InfoPlist.strings;
			refType = 4;
		};
		089C1661FE840EACC02AAC07 = {
			fileRef = 089C165FFE840EACC02AAC07;
			isa = PBXBuildFile;
			settings = {
			};
		};
//080
//081
//082
//083
//084
//100
//101
//102
//103
//104
		1058C7A6FEA54F5311CA2CBB = {
			children = (
				1058C7A7FEA54F5311CA2CBB,
			);
			isa = PBXGroup;
			name = "Linked Frameworks";
			refType = 4;
		};
		1058C7A7FEA54F5311CA2CBB = {
			isa = PBXFrameworkReference;
			name = Cocoa.framework;
			path = /System/Library/Frameworks/Cocoa.framework;
			refType = 0;
		};
		1058C7A8FEA54F5311CA2CBB = {
			children = (
				2A37F4C5FDCFA73011CA2CEA,
				2A37F4C4FDCFA73011CA2CEA,
			);
			isa = PBXGroup;
			name = "Other Frameworks";
			refType = 4;
		};
		1058C7A9FEA54F5311CA2CBB = {
			fileRef = 1058C7A7FEA54F5311CA2CBB;
			isa = PBXBuildFile;
			settings = {
			};
		};
//100
//101
//102
//103
//104
//170
//171
//172
//173
//174
		1758732AFF379DA111CA2CBB = {
			isa = PBXApplicationReference;
			path = XLogo.app;
			refType = 3;
		};
//170
//171
//172
//173
//174
//190
//191
//192
//193
//194
		19C28FB0FE9D524F11CA2CBB = {
			children = (
				1758732AFF379DA111CA2CBB,
			);
			isa = PBXGroup;
			name = Products;
			refType = 4;
		};
//190
//191
//192
//193
//194
//1F0
//1F1
//1F2
//1F3
//1F4
		1F01AF0104BC60DD005A17E1 = {
			isa = PBXFileReference;
			path = title.png;
			refType = 4;
		};
		1F01AF0204BC60DD005A17E1 = {
			fileRef = 1F01AF0104BC60DD005A17E1;
			isa = PBXBuildFile;
			settings = {
			};
		};
		1F05108104D1ED7A00FEFB36 = {
			isa = PBXFileReference;
			name = Spanish;
			path = Resources/Spanish.lproj/MainMenu.nib;
			refType = 4;
		};
		1F05108204D1F2E700FEFB36 = {
			isa = PBXFileReference;
			name = Spanish;
			path = Resources/Spanish.lproj/XLogoDocument.nib;
			refType = 4;
		};
		1F05108304D1F35700FEFB36 = {
			isa = PBXFileReference;
			path = pare.png;
			refType = 4;
		};
		1F05108404D1F35700FEFB36 = {
			fileRef = 1F05108304D1F35700FEFB36;
			isa = PBXBuildFile;
			settings = {
			};
		};
		1F05108504D1F73F00FEFB36 = {
			isa = PBXFileReference;
			path = partir.png;
			refType = 4;
		};
		1F05108604D1F73F00FEFB36 = {
			fileRef = 1F05108504D1F73F00FEFB36;
			isa = PBXBuildFile;
			settings = {
			};
		};
		1F59A39304D2084300FEFB36 = {
			fileRef = 1FEB6EE504B7332200B7EED8;
			isa = PBXBuildFile;
			settings = {
			};
		};
		1F672CFA04D42E9100AB81D1 = {
			isa = PBXFileReference;
			name = French;
			path = Resources/French.lproj/XLogoDocument.nib;
			refType = 4;
		};
		1F672CFB04D42F9000AB81D1 = {
			isa = PBXFileReference;
			path = depart.png;
			refType = 4;
		};
		1F672CFC04D42F9000AB81D1 = {
			fileRef = 1F672CFB04D42F9000AB81D1;
			isa = PBXBuildFile;
			settings = {
			};
		};
		1F7F37F804B9DE2700B14428 = {
			isa = PBXFileReference;
			name = doc.icns;
			path = images/doc.icns;
			refType = 2;
		};
		1F7F37F904B9DE2700B14428 = {
			fileRef = 1F7F37F804B9DE2700B14428;
			isa = PBXBuildFile;
			settings = {
			};
		};
		1FA5D51704B9E45B0095F9A4 = {
			isa = PBXFileReference;
			path = Readme.rtf;
			refType = 4;
		};
		1FA5D51904B9E4690095F9A4 = {
			isa = PBXFileReference;
			path = "Version Control.rtf";
			refType = 4;
		};
		1FE2FB7004D0C42D00F42F44 = {
			isa = PBXFileReference;
			name = French;
			path = Resources/French.lproj/MainMenu.nib;
			refType = 4;
		};
		1FEB6E7A04B72E9700B7EED8 = {
			children = (
				1FEB6E7C04B72E9700B7EED8,
				1FEB6E7D04B72E9700B7EED8,
				1FEB6E7E04B72E9700B7EED8,
				1FEB6E7F04B72E9700B7EED8,
				1FEB6E8004B72E9700B7EED8,
				1FEB6E8104B72E9700B7EED8,
				1FFB4E9604B73F8400A4A4CF,
				1F7F37F804B9DE2700B14428,
				1F01AF0104BC60DD005A17E1,
				1F05108304D1F35700FEFB36,
				1F05108504D1F73F00FEFB36,
				1FED70F804D2EC9300FEFB36,
				1FED70FA04D2ED4900FEFB36,
				1F672CFB04D42F9000AB81D1,
				1FF15BBA04D49F5F0053C108,
			);
			isa = PBXGroup;
			path = images;
			refType = 4;
		};
		1FEB6E7C04B72E9700B7EED8 = {
			isa = PBXFileReference;
			path = go.png;
			refType = 4;
		};
		1FEB6E7D04B72E9700B7EED8 = {
			isa = PBXFileReference;
			path = load.png;
			refType = 4;
		};
		1FEB6E7E04B72E9700B7EED8 = {
			isa = PBXFileReference;
			path = logo.png;
			refType = 4;
		};
		1FEB6E7F04B72E9700B7EED8 = {
			isa = PBXFileReference;
			path = printer.png;
			refType = 4;
		};
		1FEB6E8004B72E9700B7EED8 = {
			isa = PBXFileReference;
			path = save.png;
			refType = 4;
		};
		1FEB6E8104B72E9700B7EED8 = {
			isa = PBXFileReference;
			path = xlogo.icns;
			refType = 4;
		};
		1FEB6E8304B72E9700B7EED8 = {
			fileRef = 1FEB6E7C04B72E9700B7EED8;
			isa = PBXBuildFile;
			settings = {
			};
		};
		1FEB6E8404B72E9700B7EED8 = {
			fileRef = 1FEB6E7D04B72E9700B7EED8;
			isa = PBXBuildFile;
			settings = {
			};
		};
		1FEB6E8504B72E9700B7EED8 = {
			fileRef = 1FEB6E7E04B72E9700B7EED8;
			isa = PBXBuildFile;
			settings = {
			};
		};
		1FEB6E8604B72E9700B7EED8 = {
			fileRef = 1FEB6E7F04B72E9700B7EED8;
			isa = PBXBuildFile;
			settings = {
			};
		};
		1FEB6E8704B72E9700B7EED8 = {
			fileRef = 1FEB6E8004B72E9700B7EED8;
			isa = PBXBuildFile;
			settings = {
			};
		};
		1FEB6E8804B72E9700B7EED8 = {
			fileRef = 1FEB6E8104B72E9700B7EED8;
			isa = PBXBuildFile;
			settings = {
			};
		};
		1FEB6EE504B7332200B7EED8 = {
			includeInIndex = 1;
			isa = PBXFolderReference;
			path = "xlogo help";
			refType = 2;
		};
		1FED70F604D2EAC000FEFB36 = {
			isa = PBXFileReference;
			name = Japanese;
			path = Resources/Japanese.lproj/MainMenu.nib;
			refType = 4;
		};
		1FED70F704D2EBFE00FEFB36 = {
			isa = PBXFileReference;
			name = Japanese;
			path = Resources/Japanese.lproj/XLogoDocument.nib;
			refType = 4;
		};
		1FED70F804D2EC9300FEFB36 = {
			isa = PBXFileReference;
			path = tomare.png;
			refType = 4;
		};
		1FED70F904D2EC9300FEFB36 = {
			fileRef = 1FED70F804D2EC9300FEFB36;
			isa = PBXBuildFile;
			settings = {
			};
		};
		1FED70FA04D2ED4900FEFB36 = {
			isa = PBXFileReference;
			path = go_japanese.png;
			refType = 4;
		};
		1FED70FB04D2ED4900FEFB36 = {
			fileRef = 1FED70FA04D2ED4900FEFB36;
			isa = PBXBuildFile;
			settings = {
			};
		};
		1FF15BB804D49C680053C108 = {
			isa = PBXFileReference;
			name = Italian;
			path = Resources/Italian.lproj/MainMenu.nib;
			refType = 4;
		};
		1FF15BB904D49DCB0053C108 = {
			isa = PBXFileReference;
			name = Italian;
			path = Resources/Italian.lproj/XLogoDocument.nib;
			refType = 4;
		};
		1FF15BBA04D49F5F0053C108 = {
			isa = PBXFileReference;
			path = inizia.png;
			refType = 4;
		};
		1FF15BBB04D49F5F0053C108 = {
			fileRef = 1FF15BBA04D49F5F0053C108;
			isa = PBXBuildFile;
			settings = {
			};
		};
		1FFB4E9604B73F8400A4A4CF = {
			isa = PBXFileReference;
			path = stop.png;
			refType = 4;
		};
		1FFB4E9704B73F8400A4A4CF = {
			fileRef = 1FFB4E9604B73F8400A4A4CF;
			isa = PBXBuildFile;
			settings = {
			};
		};
//1F0
//1F1
//1F2
//1F3
//1F4
//2A0
//2A1
//2A2
//2A3
//2A4
		2A37F4A9FDCFA73011CA2CEA = {
			buildStyles = (
				4A9504D0FFE6A4CB11CA0CBA,
				4A9504D1FFE6A4CB11CA0CBA,
			);
			hasScannedForEncodings = 1;
			isa = PBXProject;
			knownRegions = (
				English,
				Japanese,
				French,
				German,
				Spanish,
				Italian,
			);
			mainGroup = 2A37F4AAFDCFA73011CA2CEA;
			projectDirPath = "";
			targets = (
				2A37F4C6FDCFA73011CA2CEA,
			);
		};
		2A37F4AAFDCFA73011CA2CEA = {
			children = (
				1FA5D51704B9E45B0095F9A4,
				1FA5D51904B9E4690095F9A4,
				F5CA283C04AA71D601A8017D,
				F5C9AEE904B28FDC01A8017D,
				F5CA281704AA3F4901A8017D,
				F5CAB9F304ABB95201A8017D,
				F5CA282E04AA607C01A8017D,
				2A37F4ABFDCFA73011CA2CEA,
				2A37F4AFFDCFA73011CA2CEA,
				2A37F4B8FDCFA73011CA2CEA,
				2A37F4C3FDCFA73011CA2CEA,
				19C28FB0FE9D524F11CA2CBB,
			);
			isa = PBXGroup;
			name = LogoTest;
			path = "";
			refType = 4;
		};
		2A37F4ABFDCFA73011CA2CEA = {
			children = (
				F5CA271204AA158D01A8017D,
				F5CA271304AA158D01A8017D,
				F5B0C26104ACFD2001A8017D,
				F5CA282304AA556701A8017D,
				F5CA282404AA556701A8017D,
				F5CA284F04AA9B0F01A8017D,
				F5CA285004AA9B0F01A8017D,
				F5CA271904AA175E01A8017D,
				F5CA271A04AA175E01A8017D,
				F5CA272004AA230C01A8017D,
				F5CA272104AA230C01A8017D,
				F5CA281904AA420601A8017D,
				F5CA281A04AA420601A8017D,
				F5CDB66804AC7A2401A8017D,
				F52BE4AB04AFAF6201A8017D,
				F52BE4AC04AFAF6201A8017D,
			);
			isa = PBXGroup;
			name = Classes;
			path = Classes/;
			refType = 4;
		};
		2A37F4AFFDCFA73011CA2CEA = {
			children = (
				2A37F4B0FDCFA73011CA2CEA,
			);
			isa = PBXGroup;
			name = "Other Sources";
			path = "";
			refType = 4;
		};
		2A37F4B0FDCFA73011CA2CEA = {
			fileEncoding = 30;
			isa = PBXFileReference;
			path = main.m;
			refType = 4;
		};
		2A37F4B6FDCFA73011CA2CEA = {
			children = (
				2A37F4B7FDCFA73011CA2CEA,
				1FE2FB7004D0C42D00F42F44,
				1F05108104D1ED7A00FEFB36,
				1FED70F604D2EAC000FEFB36,
				1FF15BB804D49C680053C108,
			);
			isa = PBXVariantGroup;
			name = MainMenu.nib;
			path = "";
			refType = 4;
		};
		2A37F4B7FDCFA73011CA2CEA = {
			isa = PBXFileReference;
			name = English;
			path = Resources/English.lproj/MainMenu.nib;
			refType = 4;
		};
		2A37F4B8FDCFA73011CA2CEA = {
			children = (
				2A37F4B9FDCFA73011CA2CEA,
				2A37F4B6FDCFA73011CA2CEA,
				F5CA271604AA175201A8017D,
				089C165FFE840EACC02AAC07,
				1FEB6E7A04B72E9700B7EED8,
				1FEB6EE504B7332200B7EED8,
			);
			isa = PBXGroup;
			name = Resources;
			path = "";
			refType = 4;
		};
		2A37F4B9FDCFA73011CA2CEA = {
			children = (
				2A37F4BAFDCFA73011CA2CEA,
			);
			isa = PBXVariantGroup;
			name = Credits.rtf;
			path = "";
			refType = 4;
		};
		2A37F4BAFDCFA73011CA2CEA = {
			isa = PBXFileReference;
			name = English;
			path = Resources/English.lproj/Credits.rtf;
			refType = 4;
		};
		2A37F4C3FDCFA73011CA2CEA = {
			children = (
				1058C7A6FEA54F5311CA2CBB,
				1058C7A8FEA54F5311CA2CBB,
			);
			isa = PBXGroup;
			name = Frameworks;
			path = "";
			refType = 4;
		};
		2A37F4C4FDCFA73011CA2CEA = {
			isa = PBXFrameworkReference;
			name = AppKit.framework;
			path = /System/Library/Frameworks/AppKit.framework;
			refType = 0;
		};
		2A37F4C5FDCFA73011CA2CEA = {
			isa = PBXFrameworkReference;
			name = Foundation.framework;
			path = /System/Library/Frameworks/Foundation.framework;
			refType = 0;
		};
		2A37F4C6FDCFA73011CA2CEA = {
			buildPhases = (
				2A37F4C7FDCFA73011CA2CEA,
				2A37F4C9FDCFA73011CA2CEA,
				2A37F4CEFDCFA73011CA2CEA,
				2A37F4D1FDCFA73011CA2CEA,
			);
			buildSettings = {
				FRAMEWORK_SEARCH_PATHS = "";
				HEADER_SEARCH_PATHS = "";
				INSTALL_PATH = "$(HOME)/Applications";
				LIBRARY_SEARCH_PATHS = "";
				OTHER_CFLAGS = "";
				OTHER_LDFLAGS = "";
				PRODUCT_NAME = XLogo;
				SECTORDER_FLAGS = "";
				WARNING_CFLAGS = "-Wmost -Wno-four-char-constants -Wno-unknown-pragmas";
				WRAPPER_EXTENSION = app;
			};
			dependencies = (
			);
			isa = PBXApplicationTarget;
			name = XLogo;
			productInstallPath = "$(HOME)/Applications";
			productName = LogoTest;
			productReference = 1758732AFF379DA111CA2CBB;
			productSettingsXML = "<?xml version=\"1.0\" encoding=\"UTF-8\"?>
<!DOCTYPE plist PUBLIC \"-//Apple Computer//DTD PLIST 1.0//EN\" \"http://www.apple.com/DTDs/PropertyList-1.0.dtd\">
<plist version=\"1.0\">
<dict>
	<key>CFBundleDevelopmentRegion</key>
	<string>English</string>
	<key>CFBundleDocumentTypes</key>
	<array>
		<dict>
			<key>CFBundleTypeExtensions</key>
			<array>
				<string>xlogo</string>
			</array>
			<key>CFBundleTypeIconFile</key>
			<string>doc</string>
			<key>CFBundleTypeName</key>
			<string>XLogoDocument</string>
			<key>CFBundleTypeRole</key>
			<string>Editor</string>
			<key>NSDocumentClass</key>
			<string>LogoDocument</string>
		</dict>
	</array>
	<key>CFBundleExecutable</key>
	<string>XLogo</string>
	<key>CFBundleHelpBookFolder</key>
	<string>xlogo help</string>
	<key>CFBundleHelpBookName</key>
	<string>XLogo Help</string>
	<key>CFBundleIconFile</key>
	<string>xlogo</string>
	<key>CFBundleIdentifier</key>
	<string>com.JeffSkrysak.XLogo</string>
	<key>CFBundleInfoDictionaryVersion</key>
	<string>6.0</string>
	<key>CFBundlePackageType</key>
	<string>APPL</string>
	<key>CFBundleSignature</key>
	<string>????</string>
	<key>CFBundleVersion</key>
	<string>0.3</string>
	<key>NSMainNibFile</key>
	<string>MainMenu</string>
	<key>NSPrincipalClass</key>
	<string>NSApplication</string>
</dict>
</plist>
";
		};
		2A37F4C7FDCFA73011CA2CEA = {
			buildActionMask = 2147483647;
			files = (
				F5CA271404AA158D01A8017D,
				F5CA271B04AA175E01A8017D,
				F5CA281804AA3F4901A8017D,
				F5CA282204AA4C4101A8017D,
				F5CA282504AA556701A8017D,
				F5CA283104AA60BE01A8017D,
				F5CA284904AA907101A8017D,
				F5CA285104AA9B0F01A8017D,
				F5CAB9F604ABB96301A8017D,
				F5CAB9F804ABBA7401A8017D,
				F5CABA1104ABCA9801A8017D,
				F5B0C25F04ACFC4C01A8017D,
				F52BE4AD04AFAF6201A8017D,
				F5C921D104B08C2601A8017D,
			);
			isa = PBXHeadersBuildPhase;
			runOnlyForDeploymentPostprocessing = 0;
		};
		2A37F4C9FDCFA73011CA2CEA = {
			buildActionMask = 2147483647;
			files = (
				080E96D9FE201CDB7F000001,
				080E96DAFE201CDB7F000001,
				089C1661FE840EACC02AAC07,
				F5CA271804AA175201A8017D,
				1FEB6E8304B72E9700B7EED8,
				1FEB6E8404B72E9700B7EED8,
				1FEB6E8504B72E9700B7EED8,
				1FEB6E8604B72E9700B7EED8,
				1FEB6E8704B72E9700B7EED8,
				1FEB6E8804B72E9700B7EED8,
				1FFB4E9704B73F8400A4A4CF,
				1F7F37F904B9DE2700B14428,
				1F01AF0204BC60DD005A17E1,
				1F05108404D1F35700FEFB36,
				1F05108604D1F73F00FEFB36,
				1F59A39304D2084300FEFB36,
				1FED70F904D2EC9300FEFB36,
				1FED70FB04D2ED4900FEFB36,
				1F672CFC04D42F9000AB81D1,
				1FF15BBB04D49F5F0053C108,
			);
			isa = PBXResourcesBuildPhase;
			runOnlyForDeploymentPostprocessing = 0;
		};
		2A37F4CEFDCFA73011CA2CEA = {
			buildActionMask = 2147483647;
			files = (
				2A37F4D0FDCFA73011CA2CEA,
				F5CA271504AA158D01A8017D,
				F5CA271C04AA175E01A8017D,
				F5CA282104AA4C4001A8017D,
				F5CA282604AA556701A8017D,
				F5CA283204AA60BE01A8017D,
				F5CA284A04AA907101A8017D,
				F5CA285204AA9B0F01A8017D,
				F5CAB9F704ABB96301A8017D,
				F5CABA0804ABBFD701A8017D,
				F5CABA1204ABCA9801A8017D,
				F5B0C26004ACFC4C01A8017D,
				F52BE4AE04AFAF6201A8017D,
				F5C921D204B08C2601A8017D,
			);
			isa = PBXSourcesBuildPhase;
			runOnlyForDeploymentPostprocessing = 0;
		};
		2A37F4D0FDCFA73011CA2CEA = {
			fileRef = 2A37F4B0FDCFA73011CA2CEA;
			isa = PBXBuildFile;
			settings = {
				ATTRIBUTES = (
				);
			};
		};
		2A37F4D1FDCFA73011CA2CEA = {
			buildActionMask = 2147483647;
			files = (
				1058C7A9FEA54F5311CA2CBB,
			);
			isa = PBXFrameworksBuildPhase;
			runOnlyForDeploymentPostprocessing = 0;
		};
//2A0
//2A1
//2A2
//2A3
//2A4
//4A0
//4A1
//4A2
//4A3
//4A4
		4A9504D0FFE6A4CB11CA0CBA = {
			buildRules = (
			);
			buildSettings = {
				COPY_PHASE_STRIP = NO;
				OPTIMIZATION_CFLAGS = "-O0 -DDEBUGFLAG=1";
			};
			isa = PBXBuildStyle;
			name = Development;
		};
		4A9504D1FFE6A4CB11CA0CBA = {
			buildRules = (
			);
			buildSettings = {
				COPY_PHASE_STRIP = YES;
			};
			isa = PBXBuildStyle;
			name = Deployment;
		};
//4A0
//4A1
//4A2
//4A3
//4A4
//F50
//F51
//F52
//F53
//F54
		F52BE4AB04AFAF6201A8017D = {
			fileEncoding = 30;
			isa = PBXFileReference;
			path = LogoParserExpression.h;
			refType = 4;
		};
		F52BE4AC04AFAF6201A8017D = {
			fileEncoding = 30;
			isa = PBXFileReference;
			path = LogoParserExpression.m;
			refType = 4;
		};
		F52BE4AD04AFAF6201A8017D = {
			fileRef = F52BE4AB04AFAF6201A8017D;
			isa = PBXBuildFile;
			settings = {
			};
		};
		F52BE4AE04AFAF6201A8017D = {
			fileRef = F52BE4AC04AFAF6201A8017D;
			isa = PBXBuildFile;
			settings = {
			};
		};
		F5B0C25D04ACFC4C01A8017D = {
			fileEncoding = 30;
			isa = PBXFileReference;
			path = StackObject.h;
			refType = 4;
		};
		F5B0C25E04ACFC4C01A8017D = {
			fileEncoding = 30;
			isa = PBXFileReference;
			path = StackObject.m;
			refType = 4;
		};
		F5B0C25F04ACFC4C01A8017D = {
			fileRef = F5B0C25D04ACFC4C01A8017D;
			isa = PBXBuildFile;
			settings = {
			};
		};
		F5B0C26004ACFC4C01A8017D = {
			fileRef = F5B0C25E04ACFC4C01A8017D;
			isa = PBXBuildFile;
			settings = {
			};
		};
		F5B0C26104ACFD2001A8017D = {
			children = (
				F5CA284704AA907101A8017D,
				F5CA284804AA907101A8017D,
				F5CABA0F04ABCA9801A8017D,
				F5CABA1004ABCA9801A8017D,
				F5B0C25D04ACFC4C01A8017D,
				F5B0C25E04ACFC4C01A8017D,
				F5C921CF04B08C2601A8017D,
				F5C921D004B08C2601A8017D,
			);
			isa = PBXGroup;
			name = "Standalone objects";
			refType = 4;
		};
		F5C921CF04B08C2601A8017D = {
			fileEncoding = 30;
			isa = PBXFileReference;
			path = Variable.h;
			refType = 4;
		};
		F5C921D004B08C2601A8017D = {
			fileEncoding = 30;
			isa = PBXFileReference;
			path = Variable.m;
			refType = 4;
		};
		F5C921D104B08C2601A8017D = {
			fileRef = F5C921CF04B08C2601A8017D;
			isa = PBXBuildFile;
			settings = {
			};
		};
		F5C921D204B08C2601A8017D = {
			fileRef = F5C921D004B08C2601A8017D;
			isa = PBXBuildFile;
			settings = {
			};
		};
		F5C9AEE904B28FDC01A8017D = {
			isa = PBXFileReference;
			path = "Writing a parser.rtf";
			refType = 4;
		};
		F5CA271204AA158D01A8017D = {
			fileEncoding = 30;
			isa = PBXFileReference;
			path = Controller.h;
			refType = 4;
		};
		F5CA271304AA158D01A8017D = {
			fileEncoding = 30;
			isa = PBXFileReference;
			path = Controller.m;
			refType = 4;
		};
		F5CA271404AA158D01A8017D = {
			fileRef = F5CA271204AA158D01A8017D;
			isa = PBXBuildFile;
			settings = {
			};
		};
		F5CA271504AA158D01A8017D = {
			fileRef = F5CA271304AA158D01A8017D;
			isa = PBXBuildFile;
			settings = {
			};
		};
		F5CA271604AA175201A8017D = {
			children = (
				F5CA271704AA175201A8017D,
				1F672CFA04D42E9100AB81D1,
				1F05108204D1F2E700FEFB36,
				1FED70F704D2EBFE00FEFB36,
				1FF15BB904D49DCB0053C108,
			);
			isa = PBXVariantGroup;
			name = XLogoDocument.nib;
			path = "";
			refType = 4;
		};
		F5CA271704AA175201A8017D = {
			isa = PBXFileReference;
			name = XLogoDocument.nib;
			path = Resources/English.lproj/XLogoDocument.nib;
			refType = 4;
		};
		F5CA271804AA175201A8017D = {
			fileRef = F5CA271604AA175201A8017D;
			isa = PBXBuildFile;
			settings = {
			};
		};
		F5CA271904AA175E01A8017D = {
			fileEncoding = 30;
			isa = PBXFileReference;
			path = LogoDocument.h;
			refType = 4;
		};
		F5CA271A04AA175E01A8017D = {
			fileEncoding = 30;
			isa = PBXFileReference;
			path = LogoDocument.m;
			refType = 4;
		};
		F5CA271B04AA175E01A8017D = {
			fileRef = F5CA271904AA175E01A8017D;
			isa = PBXBuildFile;
			settings = {
			};
		};
		F5CA271C04AA175E01A8017D = {
			fileRef = F5CA271A04AA175E01A8017D;
			isa = PBXBuildFile;
			settings = {
			};
		};
		F5CA272004AA230C01A8017D = {
			fileEncoding = 30;
			isa = PBXFileReference;
			path = LogoParser.h;
			refType = 4;
		};
		F5CA272104AA230C01A8017D = {
			fileEncoding = 30;
			isa = PBXFileReference;
			path = LogoParser.m;
			refType = 4;
		};
		F5CA281704AA3F4901A8017D = {
			fileEncoding = 30;
			isa = PBXFileReference;
			path = Debugging.h;
			refType = 4;
		};
		F5CA281804AA3F4901A8017D = {
			fileRef = F5CA281704AA3F4901A8017D;
			isa = PBXBuildFile;
			settings = {
			};
		};
		F5CA281904AA420601A8017D = {
			fileEncoding = 30;
			isa = PBXFileReference;
			path = NSTextViewOutputExtensions.h;
			refType = 4;
		};
		F5CA281A04AA420601A8017D = {
			fileEncoding = 30;
			isa = PBXFileReference;
			path = NSTextViewOutputExtensions.m;
			refType = 4;
		};
		F5CA281D04AA427101A8017D = {
			fileEncoding = 30;
			isa = PBXFileReference;
			path = NSStringParserExtensions.h;
			refType = 4;
		};
		F5CA281E04AA427101A8017D = {
			fileEncoding = 30;
			isa = PBXFileReference;
			path = NSStringParserExtensions.m;
			refType = 4;
		};
		F5CA282104AA4C4001A8017D = {
			fileRef = F5CA281A04AA420601A8017D;
			isa = PBXBuildFile;
			settings = {
			};
		};
		F5CA282204AA4C4101A8017D = {
			fileRef = F5CA281904AA420601A8017D;
			isa = PBXBuildFile;
			settings = {
			};
		};
		F5CA282304AA556701A8017D = {
			fileEncoding = 30;
			isa = PBXFileReference;
			path = Turtle.h;
			refType = 4;
		};
		F5CA282404AA556701A8017D = {
			fileEncoding = 30;
			isa = PBXFileReference;
			path = Turtle.m;
			refType = 4;
		};
		F5CA282504AA556701A8017D = {
			fileRef = F5CA282304AA556701A8017D;
			isa = PBXBuildFile;
			settings = {
			};
		};
		F5CA282604AA556701A8017D = {
			fileRef = F5CA282404AA556701A8017D;
			isa = PBXBuildFile;
			settings = {
			};
		};
		F5CA282E04AA607C01A8017D = {
			children = (
				F5CA282F04AA60BE01A8017D,
				F5CA283004AA60BE01A8017D,
			);
			isa = PBXGroup;
			name = Utilities;
			refType = 4;
		};
		F5CA282F04AA60BE01A8017D = {
			fileEncoding = 30;
			isa = PBXFileReference;
			name = Utilities.h;
			path = Utilities/Utilities.h;
			refType = 4;
		};
		F5CA283004AA60BE01A8017D = {
			fileEncoding = 30;
			isa = PBXFileReference;
			name = Utilities.c;
			path = Utilities/Utilities.c;
			refType = 4;
		};
		F5CA283104AA60BE01A8017D = {
			fileRef = F5CA282F04AA60BE01A8017D;
			isa = PBXBuildFile;
			settings = {
			};
		};
		F5CA283204AA60BE01A8017D = {
			fileRef = F5CA283004AA60BE01A8017D;
			isa = PBXBuildFile;
			settings = {
			};
		};
		F5CA283C04AA71D601A8017D = {
			isa = PBXFileReference;
			path = "Logo Commands.rtf";
			refType = 4;
		};
		F5CA284704AA907101A8017D = {
			fileEncoding = 30;
			isa = PBXFileReference;
			path = DrawCommand.h;
			refType = 4;
		};
		F5CA284804AA907101A8017D = {
			fileEncoding = 30;
			isa = PBXFileReference;
			path = DrawCommand.m;
			refType = 4;
		};
		F5CA284904AA907101A8017D = {
			fileRef = F5CA284704AA907101A8017D;
			isa = PBXBuildFile;
			settings = {
			};
		};
		F5CA284A04AA907101A8017D = {
			fileRef = F5CA284804AA907101A8017D;
			isa = PBXBuildFile;
			settings = {
			};
		};
		F5CA284F04AA9B0F01A8017D = {
			fileEncoding = 30;
			isa = PBXFileReference;
			path = TurtleView.h;
			refType = 4;
		};
		F5CA285004AA9B0F01A8017D = {
			fileEncoding = 30;
			isa = PBXFileReference;
			path = TurtleView.m;
			refType = 4;
		};
		F5CA285104AA9B0F01A8017D = {
			fileRef = F5CA284F04AA9B0F01A8017D;
			isa = PBXBuildFile;
			settings = {
			};
		};
		F5CA285204AA9B0F01A8017D = {
			fileRef = F5CA285004AA9B0F01A8017D;
			isa = PBXBuildFile;
			settings = {
			};
		};
		F5CAB9F304ABB95201A8017D = {
			children = (
				F5CAB9F404ABB96301A8017D,
				F5CAB9F504ABB96301A8017D,
			);
			isa = PBXGroup;
			path = Globals;
			refType = 4;
		};
		F5CAB9F404ABB96301A8017D = {
			fileEncoding = 30;
			isa = PBXFileReference;
			path = Commands.h;
			refType = 4;
		};
		F5CAB9F504ABB96301A8017D = {
			fileEncoding = 30;
			isa = PBXFileReference;
			path = Commands.c;
			refType = 4;
		};
		F5CAB9F604ABB96301A8017D = {
			fileRef = F5CAB9F404ABB96301A8017D;
			isa = PBXBuildFile;
			settings = {
			};
		};
		F5CAB9F704ABB96301A8017D = {
			fileRef = F5CAB9F504ABB96301A8017D;
			isa = PBXBuildFile;
			settings = {
			};
		};
		F5CAB9F804ABBA7401A8017D = {
			fileRef = F5CA272004AA230C01A8017D;
			isa = PBXBuildFile;
			settings = {
			};
		};
		F5CABA0804ABBFD701A8017D = {
			fileRef = F5CA272104AA230C01A8017D;
			isa = PBXBuildFile;
			settings = {
			};
		};
		F5CABA0F04ABCA9801A8017D = {
			fileEncoding = 30;
			isa = PBXFileReference;
			path = Expression.h;
			refType = 4;
		};
		F5CABA1004ABCA9801A8017D = {
			fileEncoding = 30;
			isa = PBXFileReference;
			path = Expression.m;
			refType = 4;
		};
		F5CABA1104ABCA9801A8017D = {
			fileRef = F5CABA0F04ABCA9801A8017D;
			isa = PBXBuildFile;
			settings = {
			};
		};
		F5CABA1204ABCA9801A8017D = {
			fileRef = F5CABA1004ABCA9801A8017D;
			isa = PBXBuildFile;
			settings = {
			};
		};
		F5CDB66804AC7A2401A8017D = {
			children = (
				F5CA281D04AA427101A8017D,
				F5CA281E04AA427101A8017D,
			);
			isa = PBXGroup;
			name = "Old unused stuff";
			path = "";
			refType = 4;
		};
	};
	rootObject = 2A37F4A9FDCFA73011CA2CEA;
}
